
Microsoft Visual Studio Solution File, Format Version 12.00
Project("{FAE04EC0-301F-11D3-BF4B-00C04F79EFBC}") = "DotnetLogging.Benchmarks", "DotnetLogging.Benchmarks\DotnetLogging.Benchmarks.csproj", "{FD1E447E-5D10-4536-98B7-12475C4CBAC4}"
EndProject
Global
	GlobalSection(SolutionConfigurationPlatforms) = preSolution
		Debug|Any CPU = Debug|Any CPU
		Release|Any CPU = Release|Any CPU
	EndGlobalSection
	GlobalSection(ProjectConfigurationPlatforms) = postSolution
		{FD1E447E-5D10-4536-98B7-12475C4CBAC4}.Debug|Any CPU.ActiveCfg = Debug|Any CPU
		{FD1E447E-5D10-4536-98B7-12475C4CBAC4}.Debug|Any CPU.Build.0 = Debug|Any CPU
		{FD1E447E-5D10-4536-98B7-12475C4CBAC4}.Release|Any CPU.ActiveCfg = Release|Any CPU
		{FD1E447E-5D10-4536-98B7-12475C4CBAC4}.Release|Any CPU.Build.0 = Release|Any CPU
	EndGlobalSection
EndGlobal
